
Microsoft Visual Studio Solution File, Format Version 12.00
# Visual Studio Version 16
VisualStudioVersion = 16.0.29209.62
MinimumVisualStudioVersion = 10.0.40219.1
Project("{FAE04EC0-301F-11D3-BF4B-00C04F79EFBC}") = "TryParse", "TryParse.csproj", "{0CE88CDF-F55E-40E5-AF79-F7064BE83518}"
EndProject
Global
	GlobalSection(SolutionConfigurationPlatforms) = preSolution
		Debug|Any CPU = Debug|Any CPU
		Release|Any CPU = Release|Any CPU
	EndGlobalSection
	GlobalSection(ProjectConfigurationPlatforms) = postSolution
		{0CE88CDF-F55E-40E5-AF79-F7064BE83518}.Debug|Any CPU.ActiveCfg = Debug|Any CPU
		{0CE88CDF-F55E-40E5-AF79-F7064BE83518}.Debug|Any CPU.Build.0 = Debug|Any CPU
		{0CE88CDF-F55E-40E5-AF79-F7064BE83518}.Release|Any CPU.ActiveCfg = Release|Any CPU
		{0CE88CDF-F55E-40E5-AF79-F7064BE83518}.Release|Any CPU.Build.0 = Release|Any CPU
	EndGlobalSection
	GlobalSection(SolutionProperties) = preSolution
		HideSolutionNode = FALSE
	EndGlobalSection
	GlobalSection(ExtensibilityGlobals) = postSolution
		SolutionGuid = {AA3C2F50-C9B0-4878-AD9C-9FB9019C6B56}
	EndGlobalSection
EndGlobal
