
Microsoft Visual Studio Solution File, Format Version 12.00
# Visual Studio Version 16
VisualStudioVersion = 16.0.29209.62
MinimumVisualStudioVersion = 10.0.40219.1
Project("{FAE04EC0-301F-11D3-BF4B-00C04F79EFBC}") = "2020-01-28_Leap_Year", "2020-01-28_Leap_Year.csproj", "{C5D56D9F-FE08-4B4D-89F6-327C45575E25}"
EndProject
Global
	GlobalSection(SolutionConfigurationPlatforms) = preSolution
		Debug|Any CPU = Debug|Any CPU
		Release|Any CPU = Release|Any CPU
	EndGlobalSection
	GlobalSection(ProjectConfigurationPlatforms) = postSolution
		{C5D56D9F-FE08-4B4D-89F6-327C45575E25}.Debug|Any CPU.ActiveCfg = Debug|Any CPU
		{C5D56D9F-FE08-4B4D-89F6-327C45575E25}.Debug|Any CPU.Build.0 = Debug|Any CPU
		{C5D56D9F-FE08-4B4D-89F6-327C45575E25}.Release|Any CPU.ActiveCfg = Release|Any CPU
		{C5D56D9F-FE08-4B4D-89F6-327C45575E25}.Release|Any CPU.Build.0 = Release|Any CPU
	EndGlobalSection
	GlobalSection(SolutionProperties) = preSolution
		HideSolutionNode = FALSE
	EndGlobalSection
	GlobalSection(ExtensibilityGlobals) = postSolution
		SolutionGuid = {2FFEFC00-9AAA-486B-BDAD-031B87613FE1}
	EndGlobalSection
EndGlobal
