
Microsoft Visual Studio Solution File, Format Version 12.00
# Visual Studio Version 16
VisualStudioVersion = 16.0.29209.62
MinimumVisualStudioVersion = 10.0.40219.1
Project("{FAE04EC0-301F-11D3-BF4B-00C04F79EFBC}") = "2020-01-23_LoanQualifier", "2020-01-23_LoanQualifier.csproj", "{9103ACB8-F587-4225-80B3-45572A9CF1DA}"
EndProject
Global
	GlobalSection(SolutionConfigurationPlatforms) = preSolution
		Debug|Any CPU = Debug|Any CPU
		Release|Any CPU = Release|Any CPU
	EndGlobalSection
	GlobalSection(ProjectConfigurationPlatforms) = postSolution
		{9103ACB8-F587-4225-80B3-45572A9CF1DA}.Debug|Any CPU.ActiveCfg = Debug|Any CPU
		{9103ACB8-F587-4225-80B3-45572A9CF1DA}.Debug|Any CPU.Build.0 = Debug|Any CPU
		{9103ACB8-F587-4225-80B3-45572A9CF1DA}.Release|Any CPU.ActiveCfg = Release|Any CPU
		{9103ACB8-F587-4225-80B3-45572A9CF1DA}.Release|Any CPU.Build.0 = Release|Any CPU
	EndGlobalSection
	GlobalSection(SolutionProperties) = preSolution
		HideSolutionNode = FALSE
	EndGlobalSection
	GlobalSection(ExtensibilityGlobals) = postSolution
		SolutionGuid = {E1D37D96-AB61-4564-B784-24A2B97DC67E}
	EndGlobalSection
EndGlobal
