
Microsoft Visual Studio Solution File, Format Version 12.00
# Visual Studio Version 16
VisualStudioVersion = 16.0.29613.14
MinimumVisualStudioVersion = 10.0.40219.1
Project("{FAE04EC0-301F-11D3-BF4B-00C04F79EFBC}") = "2020-03-24_Lists", "2020-03-24_Lists.csproj", "{D74A74C8-E09A-4005-8D42-CAB8BA55A682}"
EndProject
Global
	GlobalSection(SolutionConfigurationPlatforms) = preSolution
		Debug|Any CPU = Debug|Any CPU
		Release|Any CPU = Release|Any CPU
	EndGlobalSection
	GlobalSection(ProjectConfigurationPlatforms) = postSolution
		{D74A74C8-E09A-4005-8D42-CAB8BA55A682}.Debug|Any CPU.ActiveCfg = Debug|Any CPU
		{D74A74C8-E09A-4005-8D42-CAB8BA55A682}.Debug|Any CPU.Build.0 = Debug|Any CPU
		{D74A74C8-E09A-4005-8D42-CAB8BA55A682}.Release|Any CPU.ActiveCfg = Release|Any CPU
		{D74A74C8-E09A-4005-8D42-CAB8BA55A682}.Release|Any CPU.Build.0 = Release|Any CPU
	EndGlobalSection
	GlobalSection(SolutionProperties) = preSolution
		HideSolutionNode = FALSE
	EndGlobalSection
	GlobalSection(ExtensibilityGlobals) = postSolution
		SolutionGuid = {DC940406-3244-4F5C-8ACE-C222159CC9BF}
	EndGlobalSection
EndGlobal
