
Microsoft Visual Studio Solution File, Format Version 12.00
# Visual Studio Version 16
VisualStudioVersion = 16.0.29209.62
MinimumVisualStudioVersion = 10.0.40219.1
Project("{FAE04EC0-301F-11D3-BF4B-00C04F79EFBC}") = "2020-02-27_Methods03", "2020-02-27_Methods03.csproj", "{F5C13C5C-2A52-4226-B191-B0A7830328D8}"
EndProject
Global
	GlobalSection(SolutionConfigurationPlatforms) = preSolution
		Debug|Any CPU = Debug|Any CPU
		Release|Any CPU = Release|Any CPU
	EndGlobalSection
	GlobalSection(ProjectConfigurationPlatforms) = postSolution
		{F5C13C5C-2A52-4226-B191-B0A7830328D8}.Debug|Any CPU.ActiveCfg = Debug|Any CPU
		{F5C13C5C-2A52-4226-B191-B0A7830328D8}.Debug|Any CPU.Build.0 = Debug|Any CPU
		{F5C13C5C-2A52-4226-B191-B0A7830328D8}.Release|Any CPU.ActiveCfg = Release|Any CPU
		{F5C13C5C-2A52-4226-B191-B0A7830328D8}.Release|Any CPU.Build.0 = Release|Any CPU
	EndGlobalSection
	GlobalSection(SolutionProperties) = preSolution
		HideSolutionNode = FALSE
	EndGlobalSection
	GlobalSection(ExtensibilityGlobals) = postSolution
		SolutionGuid = {0F80FFD7-2017-42FF-9D20-9EBFA1C13AD5}
	EndGlobalSection
EndGlobal
